// !$*UTF8*$!
{
	archiveVersion = 1;
	classes = {
	};
	objectVersion = 50;
	objects = {

/* Begin PBXBuildFile section */
		28BEF79B244E9C72009CE04C /* AppDelegate.swift in Sources */ = {isa = PBXBuildFile; fileRef = 28BEF79A244E9C72009CE04C /* AppDelegate.swift */; };
		28BEF79F244E9C72009CE04C /* ViewController.swift in Sources */ = {isa = PBXBuildFile; fileRef = 28BEF79E244E9C72009CE04C /* ViewController.swift */; };
		28BEF7A2244E9C72009CE04C /* Main.storyboard in Resources */ = {isa = PBXBuildFile; fileRef = 28BEF7A0244E9C72009CE04C /* Main.storyboard */; };
		28BEF7A4244E9C73009CE04C /* Assets.xcassets in Resources */ = {isa = PBXBuildFile; fileRef = 28BEF7A3244E9C73009CE04C /* Assets.xcassets */; };
		28BEF7A7244E9C73009CE04C /* LaunchScreen.storyboard in Resources */ = {isa = PBXBuildFile; fileRef = 28BEF7A5244E9C73009CE04C /* LaunchScreen.storyboard */; };
		28BEF7B2244E9C74009CE04C /* SPHTechTestTests.swift in Sources */ = {isa = PBXBuildFile; fileRef = 28BEF7B1244E9C74009CE04C /* SPHTechTestTests.swift */; };
/* End PBXBuildFile section */

/* Begin PBXContainerItemProxy section */
		28BEF7AE244E9C74009CE04C /* PBXContainerItemProxy */ = {
			isa = PBXContainerItemProxy;
			containerPortal = 28BEF78F244E9C72009CE04C /* Project object */;
			proxyType = 1;
			remoteGlobalIDString = 28BEF796244E9C72009CE04C;
			remoteInfo = SPHTechTest;
		};
/* End PBXContainerItemProxy section */

/* Begin PBXFileReference section */
		28BEF797244E9C72009CE04C /* SPHTechTest.app */ = {isa = PBXFileReference; explicitFileType = wrapper.application; includeInIndex = 0; path = SPHTechTest.app; sourceTree = BUILT_PRODUCTS_DIR; };
		28BEF79A244E9C72009CE04C /* AppDelegate.swift */ = {isa = PBXFileReference; lastKnownFileType = sourcecode.swift; path = AppDelegate.swift; sourceTree = "<group>"; };
		28BEF79E244E9C72009CE04C /* ViewController.swift */ = {isa = PBXFileReference; lastKnownFileType = sourcecode.swift; path = ViewController.swift; sourceTree = "<group>"; };
		28BEF7A1244E9C72009CE04C /* Base */ = {isa = PBXFileReference; lastKnownFileType = file.storyboard; name = Base; path = Base.lproj/Main.storyboard; sourceTree = "<group>"; };
		28BEF7A3244E9C73009CE04C /* Assets.xcassets */ = {isa = PBXFileReference; lastKnownFileType = folder.assetcatalog; path = Assets.xcassets; sourceTree = "<group>"; };
		28BEF7A6244E9C73009CE04C /* Base */ = {isa = PBXFileReference; lastKnownFileType = file.storyboard; name = Base; path = Base.lproj/LaunchScreen.storyboard; sourceTree = "<group>"; };
		28BEF7A8244E9C73009CE04C /* Info.plist */ = {isa = PBXFileReference; lastKnownFileType = text.plist.xml; path = Info.plist; sourceTree = "<group>"; };
		28BEF7AD244E9C74009CE04C /* SPHTechTestTests.xctest */ = {isa = PBXFileReference; explicitFileType = wrapper.cfbundle; includeInIndex = 0; path = SPHTechTestTests.xctest; sourceTree = BUILT_PRODUCTS_DIR; };
		28BEF7B1244E9C74009CE04C /* SPHTechTestTests.swift */ = {isa = PBXFileReference; lastKnownFileType = sourcecode.swift; path = SPHTechTestTests.swift; sourceTree = "<group>"; };
		28BEF7B3244E9C74009CE04C /* Info.plist */ = {isa = PBXFileReference; lastKnownFileType = text.plist.xml; path = Info.plist; sourceTree = "<group>"; };
/* End PBXFileReference section */

/* Begin PBXFrameworksBuildPhase section */
		28BEF794244E9C72009CE04C /* Frameworks */ = {
			isa = PBXFrameworksBuildPhase;
			buildActionMask = 2147483647;
			files = (
			);
			runOnlyForDeploymentPostprocessing = 0;
		};
		28BEF7AA244E9C74009CE04C /* Frameworks */ = {
			isa = PBXFrameworksBuildPhase;
			buildActionMask = 2147483647;
			files = (
			);
			runOnlyForDeploymentPostprocessing = 0;
		};
/* End PBXFrameworksBuildPhase section */

/* Begin PBXGroup section */
		28BEF78E244E9C72009CE04C = {
			isa = PBXGroup;
			children = (
				28BEF799244E9C72009CE04C /* SPHTechTest */,
				28BEF7B0244E9C74009CE04C /* SPHTechTestTests */,
				28BEF798244E9C72009CE04C /* Products */,
			);
			sourceTree = "<group>";
		};
		28BEF798244E9C72009CE04C /* Products */ = {
			isa = PBXGroup;
			children = (
				28BEF797244E9C72009CE04C /* SPHTechTest.app */,
				28BEF7AD244E9C74009CE04C /* SPHTechTestTests.xctest */,
			);
			name = Products;
			sourceTree = "<group>";
		};
		28BEF799244E9C72009CE04C /* SPHTechTest */ = {
			isa = PBXGroup;
			children = (
				28BEF79A244E9C72009CE04C /* AppDelegate.swift */,
				28BEF79E244E9C72009CE04C /* ViewController.swift */,
				28BEF7A0244E9C72009CE04C /* Main.storyboard */,
				28BEF7A3244E9C73009CE04C /* Assets.xcassets */,
				28BEF7A5244E9C73009CE04C /* LaunchScreen.storyboard */,
				28BEF7A8244E9C73009CE04C /* Info.plist */,
			);
			path = SPHTechTest;
			sourceTree = "<group>";
		};
		28BEF7B0244E9C74009CE04C /* SPHTechTestTests */ = {
			isa = PBXGroup;
			children = (
				28BEF7B1244E9C74009CE04C /* SPHTechTestTests.swift */,
				28BEF7B3244E9C74009CE04C /* Info.plist */,
			);
			path = SPHTechTestTests;
			sourceTree = "<group>";
		};
/* End PBXGroup section */

/* Begin PBXNativeTarget section */
		28BEF796244E9C72009CE04C /* SPHTechTest */ = {
			isa = PBXNativeTarget;
			buildConfigurationList = 28BEF7B6244E9C74009CE04C /* Build configuration list for PBXNativeTarget "SPHTechTest" */;
			buildPhases = (
				28BEF793244E9C72009CE04C /* Sources */,
				28BEF794244E9C72009CE04C /* Frameworks */,
				28BEF795244E9C72009CE04C /* Resources */,
			);
			buildRules = (
			);
			dependencies = (
			);
			name = SPHTechTest;
			productName = SPHTechTest;
			productReference = 28BEF797244E9C72009CE04C /* SPHTechTest.app */;
			productType = "com.apple.product-type.application";
		};
		28BEF7AC244E9C74009CE04C /* SPHTechTestTests */ = {
			isa = PBXNativeTarget;
			buildConfigurationList = 28BEF7B9244E9C74009CE04C /* Build configuration list for PBXNativeTarget "SPHTechTestTests" */;
			buildPhases = (
				28BEF7A9244E9C74009CE04C /* Sources */,
				28BEF7AA244E9C74009CE04C /* Frameworks */,
				28BEF7AB244E9C74009CE04C /* Resources */,
			);
			buildRules = (
			);
			dependencies = (
				28BEF7AF244E9C74009CE04C /* PBXTargetDependency */,
			);
			name = SPHTechTestTests;
			productName = SPHTechTestTests;
			productReference = 28BEF7AD244E9C74009CE04C /* SPHTechTestTests.xctest */;
			productType = "com.apple.product-type.bundle.unit-test";
		};
/* End PBXNativeTarget section */

/* Begin PBXProject section */
		28BEF78F244E9C72009CE04C /* Project object */ = {
			isa = PBXProject;
			attributes = {
				LastSwiftUpdateCheck = 1140;
				LastUpgradeCheck = 1140;
				ORGANIZATIONNAME = none;
				TargetAttributes = {
					28BEF796244E9C72009CE04C = {
						CreatedOnToolsVersion = 11.4;
					};
					28BEF7AC244E9C74009CE04C = {
						CreatedOnToolsVersion = 11.4;
						TestTargetID = 28BEF796244E9C72009CE04C;
					};
				};
			};
			buildConfigurationList = 28BEF792244E9C72009CE04C /* Build configuration list for PBXProject "SPHTechTest" */;
			compatibilityVersion = "Xcode 9.3";
			developmentRegion = en;
			hasScannedForEncodings = 0;
			knownRegions = (
				en,
				Base,
			);
			mainGroup = 28BEF78E244E9C72009CE04C;
			productRefGroup = 28BEF798244E9C72009CE04C /* Products */;
			projectDirPath = "";
			projectRoot = "";
			targets = (
				28BEF796244E9C72009CE04C /* SPHTechTest */,
				28BEF7AC244E9C74009CE04C /* SPHTechTestTests */,
			);
		};
/* End PBXProject section */

/* Begin PBXResourcesBuildPhase section */
		28BEF795244E9C72009CE04C /* Resources */ = {
			isa = PBXResourcesBuildPhase;
			buildActionMask = 2147483647;
			files = (
				28BEF7A7244E9C73009CE04C /* LaunchScreen.storyboard in Resources */,
				28BEF7A4244E9C73009CE04C /* Assets.xcassets in Resources */,
				28BEF7A2244E9C72009CE04C /* Main.storyboard in Resources */,
			);
			runOnlyForDeploymentPostprocessing = 0;
		};
		28BEF7AB244E9C74009CE04C /* Resources */ = {
			isa = PBXResourcesBuildPhase;
			buildActionMask = 2147483647;
			files = (
			);
			runOnlyForDeploymentPostprocessing = 0;
		};
/* End PBXResourcesBuildPhase section */

/* Begin PBXSourcesBuildPhase section */
		28BEF793244E9C72009CE04C /* Sources */ = {
			isa = PBXSourcesBuildPhase;
			buildActionMask = 2147483647;
			files = (
				28BEF79F244E9C72009CE04C /* ViewController.swift in Sources */,
				28BEF79B244E9C72009CE04C /* AppDelegate.swift in Sources */,
			);
			runOnlyForDeploymentPostprocessing = 0;
		};
		28BEF7A9244E9C74009CE04C /* Sources */ = {
			isa = PBXSourcesBuildPhase;
			buildActionMask = 2147483647;
			files = (
				28BEF7B2244E9C74009CE04C /* SPHTechTestTests.swift in Sources */,
			);
			runOnlyForDeploymentPostprocessing = 0;
		};
/* End PBXSourcesBuildPhase section */

/* Begin PBXTargetDependency section */
		28BEF7AF244E9C74009CE04C /* PBXTargetDependency */ = {
			isa = PBXTargetDependency;
			target = 28BEF796244E9C72009CE04C /* SPHTechTest */;
			targetProxy = 28BEF7AE244E9C74009CE04C /* PBXContainerItemProxy */;
		};
/* End PBXTargetDependency section */

/* Begin PBXVariantGroup section */
		28BEF7A0244E9C72009CE04C /* Main.storyboard */ = {
			isa = PBXVariantGroup;
			children = (
				28BEF7A1244E9C72009CE04C /* Base */,
			);
			name = Main.storyboard;
			sourceTree = "<group>";
		};
		28BEF7A5244E9C73009CE04C /* LaunchScreen.storyboard */ = {
			isa = PBXVariantGroup;
			children = (
				28BEF7A6244E9C73009CE04C /* Base */,
			);
			name = LaunchScreen.storyboard;
			sourceTree = "<group>";
		};
/* End PBXVariantGroup section */

/* Begin XCBuildConfiguration section */
		28BEF7B4244E9C74009CE04C /* Debug */ = {
			isa = XCBuildConfiguration;
			buildSettings = {
				ALWAYS_SEARCH_USER_PATHS = NO;
				CLANG_ANALYZER_NONNULL = YES;
				CLANG_ANALYZER_NUMBER_OBJECT_CONVERSION = YES_AGGRESSIVE;
				CLANG_CXX_LANGUAGE_STANDARD = "gnu++14";
				CLANG_CXX_LIBRARY = "libc++";
				CLANG_ENABLE_MODULES = YES;
				CLANG_ENABLE_OBJC_ARC = YES;
				CLANG_ENABLE_OBJC_WEAK = YES;
				CLANG_WARN_BLOCK_CAPTURE_AUTORELEASING = YES;
				CLANG_WARN_BOOL_CONVERSION = YES;
				CLANG_WARN_COMMA = YES;
				CLANG_WARN_CONSTANT_CONVERSION = YES;
				CLANG_WARN_DEPRECATED_OBJC_IMPLEMENTATIONS = YES;
				CLANG_WARN_DIRECT_OBJC_ISA_USAGE = YES_ERROR;
				CLANG_WARN_DOCUMENTATION_COMMENTS = YES;
				CLANG_WARN_EMPTY_BODY = YES;
				CLANG_WARN_ENUM_CONVERSION = YES;
				CLANG_WARN_INFINITE_RECURSION = YES;
				CLANG_WARN_INT_CONVERSION = YES;
				CLANG_WARN_NON_LITERAL_NULL_CONVERSION = YES;
				CLANG_WARN_OBJC_IMPLICIT_RETAIN_SELF = YES;
				CLANG_WARN_OBJC_LITERAL_CONVERSION = YES;
				CLANG_WARN_OBJC_ROOT_CLASS = YES_ERROR;
				CLANG_WARN_RANGE_LOOP_ANALYSIS = YES;
				CLANG_WARN_STRICT_PROTOTYPES = YES;
				CLANG_WARN_SUSPICIOUS_MOVE = YES;
				CLANG_WARN_UNGUARDED_AVAILABILITY = YES_AGGRESSIVE;
				CLANG_WARN_UNREACHABLE_CODE = YES;
				CLANG_WARN__DUPLICATE_METHOD_MATCH = YES;
				COPY_PHASE_STRIP = NO;
				DEBUG_INFORMATION_FORMAT = dwarf;
				ENABLE_STRICT_OBJC_MSGSEND = YES;
				ENABLE_TESTABILITY = YES;
				GCC_C_LANGUAGE_STANDARD = gnu11;
				GCC_DYNAMIC_NO_PIC = NO;
				GCC_NO_COMMON_BLOCKS = YES;
				GCC_OPTIMIZATION_LEVEL = 0;
				GCC_PREPROCESSOR_DEFINITIONS = (
					"DEBUG=1",
					"$(inherited)",
				);
				GCC_WARN_64_TO_32_BIT_CONVERSION = YES;
				GCC_WARN_ABOUT_RETURN_TYPE = YES_ERROR;
				GCC_WARN_UNDECLARED_SELECTOR = YES;
				GCC_WARN_UNINITIALIZED_AUTOS = YES_AGGRESSIVE;
				GCC_WARN_UNUSED_FUNCTION = YES;
				GCC_WARN_UNUSED_VARIABLE = YES;
				IPHONEOS_DEPLOYMENT_TARGET = 13.4;
				MTL_ENABLE_DEBUG_INFO = INCLUDE_SOURCE;
				MTL_FAST_MATH = YES;
				ONLY_ACTIVE_ARCH = YES;
				SDKROOT = iphoneos;
				SWIFT_ACTIVE_COMPILATION_CONDITIONS = DEBUG;
				SWIFT_OPTIMIZATION_LEVEL = "-Onone";
			};
			name = Debug;
		};
		28BEF7B5244E9C74009CE04C /* Release */ = {
			isa = XCBuildConfiguration;
			buildSettings = {
				ALWAYS_SEARCH_USER_PATHS = NO;
				CLANG_ANALYZER_NONNULL = YES;
				CLANG_ANALYZER_NUMBER_OBJECT_CONVERSION = YES_AGGRESSIVE;
				CLANG_CXX_LANGUAGE_STANDARD = "gnu++14";
				CLANG_CXX_LIBRARY = "libc++";
				CLANG_ENABLE_MODULES = YES;
				CLANG_ENABLE_OBJC_ARC = YES;
				CLANG_ENABLE_OBJC_WEAK = YES;
				CLANG_WARN_BLOCK_CAPTURE_AUTORELEASING = YES;
				CLANG_WARN_BOOL_CONVERSION = YES;
				CLANG_WARN_COMMA = YES;
				CLANG_WARN_CONSTANT_CONVERSION = YES;
				CLANG_WARN_DEPRECATED_OBJC_IMPLEMENTATIONS = YES;
				CLANG_WARN_DIRECT_OBJC_ISA_USAGE = YES_ERROR;
				CLANG_WARN_DOCUMENTATION_COMMENTS = YES;
				CLANG_WARN_EMPTY_BODY = YES;
				CLANG_WARN_ENUM_CONVERSION = YES;
				CLANG_WARN_INFINITE_RECURSION = YES;
				CLANG_WARN_INT_CONVERSION = YES;
				CLANG_WARN_NON_LITERAL_NULL_CONVERSION = YES;
				CLANG_WARN_OBJC_IMPLICIT_RETAIN_SELF = YES;
				CLANG_WARN_OBJC_LITERAL_CONVERSION = YES;
				CLANG_WARN_OBJC_ROOT_CLASS = YES_ERROR;
				CLANG_WARN_RANGE_LOOP_ANALYSIS = YES;
				CLANG_WARN_STRICT_PROTOTYPES = YES;
				CLANG_WARN_SUSPICIOUS_MOVE = YES;
				CLANG_WARN_UNGUARDED_AVAILABILITY = YES_AGGRESSIVE;
				CLANG_WARN_UNREACHABLE_CODE = YES;
				CLANG_WARN__DUPLICATE_METHOD_MATCH = YES;
				COPY_PHASE_STRIP = NO;
				DEBUG_INFORMATION_FORMAT = "dwarf-with-dsym";
				ENABLE_NS_ASSERTIONS = NO;
				ENABLE_STRICT_OBJC_MSGSEND = YES;
				GCC_C_LANGUAGE_STANDARD = gnu11;
				GCC_NO_COMMON_BLOCKS = YES;
				GCC_WARN_64_TO_32_BIT_CONVERSION = YES;
				GCC_WARN_ABOUT_RETURN_TYPE = YES_ERROR;
				GCC_WARN_UNDECLARED_SELECTOR = YES;
				GCC_WARN_UNINITIALIZED_AUTOS = YES_AGGRESSIVE;
				GCC_WARN_UNUSED_FUNCTION = YES;
				GCC_WARN_UNUSED_VARIABLE = YES;
				IPHONEOS_DEPLOYMENT_TARGET = 13.4;
				MTL_ENABLE_DEBUG_INFO = NO;
				MTL_FAST_MATH = YES;
				SDKROOT = iphoneos;
				SWIFT_COMPILATION_MODE = wholemodule;
				SWIFT_OPTIMIZATION_LEVEL = "-O";
				VALIDATE_PRODUCT = YES;
			};
			name = Release;
		};
		28BEF7B7244E9C74009CE04C /* Debug */ = {
			isa = XCBuildConfiguration;
			buildSettings = {
				ASSETCATALOG_COMPILER_APPICON_NAME = AppIcon;
				CODE_SIGN_STYLE = Automatic;
				INFOPLIST_FILE = SPHTechTest/Info.plist;
				IPHONEOS_DEPLOYMENT_TARGET = 10.0;
				LD_RUNPATH_SEARCH_PATHS = (
					"$(inherited)",
					"@executable_path/Frameworks",
				);
				PRODUCT_BUNDLE_IDENTIFIER = personal.hl.SPHTechTest;
				PRODUCT_NAME = "$(TARGET_NAME)";
				SWIFT_VERSION = 5.0;
				TARGETED_DEVICE_FAMILY = "1,2";
			};
			name = Debug;
		};
		28BEF7B8244E9C74009CE04C /* Release */ = {
			isa = XCBuildConfiguration;
			buildSettings = {
				ASSETCATALOG_COMPILER_APPICON_NAME = AppIcon;
				CODE_SIGN_STYLE = Automatic;
				INFOPLIST_FILE = SPHTechTest/Info.plist;
				IPHONEOS_DEPLOYMENT_TARGET = 10.0;
				LD_RUNPATH_SEARCH_PATHS = (
					"$(inherited)",
					"@executable_path/Frameworks",
				);
				PRODUCT_BUNDLE_IDENTIFIER = personal.hl.SPHTechTest;
				PRODUCT_NAME = "$(TARGET_NAME)";
				SWIFT_VERSION = 5.0;
				TARGETED_DEVICE_FAMILY = "1,2";
			};
			name = Release;
		};
		28BEF7BA244E9C74009CE04C /* Debug */ = {
			isa = XCBuildConfiguration;
			buildSettings = {
				ALWAYS_EMBED_SWIFT_STANDARD_LIBRARIES = YES;
				BUNDLE_LOADER = "$(TEST_HOST)";
				CODE_SIGN_STYLE = Automatic;
				INFOPLIST_FILE = SPHTechTestTests/Info.plist;
				IPHONEOS_DEPLOYMENT_TARGET = 13.4;
				LD_RUNPATH_SEARCH_PATHS = (
					"$(inherited)",
					"@executable_path/Frameworks",
					"@loader_path/Frameworks",
				);
				PRODUCT_BUNDLE_IDENTIFIER = personal.hl.SPHTechTestTests;
				PRODUCT_NAME = "$(TARGET_NAME)";
				SWIFT_VERSION = 5.0;
				TARGETED_DEVICE_FAMILY = "1,2";
				TEST_HOST = "$(BUILT_PRODUCTS_DIR)/SPHTechTest.app/SPHTechTest";
			};
			name = Debug;
		};
		28BEF7BB244E9C74009CE04C /* Release */ = {
			isa = XCBuildConfiguration;
			buildSettings = {
				ALWAYS_EMBED_SWIFT_STANDARD_LIBRARIES = YES;
				BUNDLE_LOADER = "$(TEST_HOST)";
				CODE_SIGN_STYLE = Automatic;
				INFOPLIST_FILE = SPHTechTestTests/Info.plist;
				IPHONEOS_DEPLOYMENT_TARGET = 13.4;
				LD_RUNPATH_SEARCH_PATHS = (
					"$(inherited)",
					"@executable_path/Frameworks",
					"@loader_path/Frameworks",
				);
				PRODUCT_BUNDLE_IDENTIFIER = personal.hl.SPHTechTestTests;
				PRODUCT_NAME = "$(TARGET_NAME)";
				SWIFT_VERSION = 5.0;
				TARGETED_DEVICE_FAMILY = "1,2";
				TEST_HOST = "$(BUILT_PRODUCTS_DIR)/SPHTechTest.app/SPHTechTest";
			};
			name = Release;
		};
/* End XCBuildConfiguration section */

/* Begin XCConfigurationList section */
		28BEF792244E9C72009CE04C /* Build configuration list for PBXProject "SPHTechTest" */ = {
			isa = XCConfigurationList;
			buildConfigurations = (
				28BEF7B4244E9C74009CE04C /* Debug */,
				28BEF7B5244E9C74009CE04C /* Release */,
			);
			defaultConfigurationIsVisible = 0;
			defaultConfigurationName = Release;
		};
		28BEF7B6244E9C74009CE04C /* Build configuration list for PBXNativeTarget "SPHTechTest" */ = {
			isa = XCConfigurationList;
			buildConfigurations = (
				28BEF7B7244E9C74009CE04C /* Debug */,
				28BEF7B8244E9C74009CE04C /* Release */,
			);
			defaultConfigurationIsVisible = 0;
			defaultConfigurationName = Release;
		};
		28BEF7B9244E9C74009CE04C /* Build configuration list for PBXNativeTarget "SPHTechTestTests" */ = {
			isa = XCConfigurationList;
			buildConfigurations = (
				28BEF7BA244E9C74009CE04C /* Debug */,
				28BEF7BB244E9C74009CE04C /* Release */,
			);
			defaultConfigurationIsVisible = 0;
			defaultConfigurationName = Release;
		};
/* End XCConfigurationList section */
	};
	rootObject = 28BEF78F244E9C72009CE04C /* Project object */;
}
